
Microsoft Visual Studio Solution File, Format Version 12.00
# Visual Studio Version 17
VisualStudioVersion = 17.3.32804.467
MinimumVisualStudioVersion = 10.0.40219.1
Project("{FAE04EC0-301F-11D3-BF4B-00C04F79EFBC}") = "Examples", "Examples\Examples.csproj", "{A7BABA9D-12D0-4C9A-8129-14E251995B6C}"
EndProject
Global
	GlobalSection(SolutionConfigurationPlatforms) = preSolution
		Debug|Any CPU = Debug|Any CPU
		Release|Any CPU = Release|Any CPU
	EndGlobalSection
	GlobalSection(ProjectConfigurationPlatforms) = postSolution
		{A7BABA9D-12D0-4C9A-8129-14E251995B6C}.Debug|Any CPU.ActiveCfg = Debug|Any CPU
		{A7BABA9D-12D0-4C9A-8129-14E251995B6C}.Debug|Any CPU.Build.0 = Debug|Any CPU
		{A7BABA9D-12D0-4C9A-8129-14E251995B6C}.Release|Any CPU.ActiveCfg = Release|Any CPU
		{A7BABA9D-12D0-4C9A-8129-14E251995B6C}.Release|Any CPU.Build.0 = Release|Any CPU
	EndGlobalSection
	GlobalSection(SolutionProperties) = preSolution
		HideSolutionNode = FALSE
	EndGlobalSection
	GlobalSection(ExtensibilityGlobals) = postSolution
		SolutionGuid = {324F9DFD-DBDC-4104-9CC7-F6D7D05F555D}
	EndGlobalSection
EndGlobal
